
Microsoft Visual Studio Solution File, Format Version 12.00
# Visual Studio Version 17
VisualStudioVersion = 17.14.36915.13 d17.14
MinimumVisualStudioVersion = 10.0.40219.1
Project("{FAE04EC0-301F-11D3-BF4B-00C04F79EFBC}") = "ClasseProduto", "ClasseProduto\ClasseProduto.csproj", "{FF8D6BC0-1016-4ABC-955D-6CFC696CD340}"
EndProject
Global
	GlobalSection(SolutionConfigurationPlatforms) = preSolution
		Debug|Any CPU = Debug|Any CPU
		Release|Any CPU = Release|Any CPU
	EndGlobalSection
	GlobalSection(ProjectConfigurationPlatforms) = postSolution
		{FF8D6BC0-1016-4ABC-955D-6CFC696CD340}.Debug|Any CPU.ActiveCfg = Debug|Any CPU
		{FF8D6BC0-1016-4ABC-955D-6CFC696CD340}.Debug|Any CPU.Build.0 = Debug|Any CPU
		{FF8D6BC0-1016-4ABC-955D-6CFC696CD340}.Release|Any CPU.ActiveCfg = Release|Any CPU
		{FF8D6BC0-1016-4ABC-955D-6CFC696CD340}.Release|Any CPU.Build.0 = Release|Any CPU
	EndGlobalSection
	GlobalSection(SolutionProperties) = preSolution
		HideSolutionNode = FALSE
	EndGlobalSection
	GlobalSection(ExtensibilityGlobals) = postSolution
		SolutionGuid = {B299404B-DE06-4713-AAC0-34E6EDA59B66}
	EndGlobalSection
EndGlobal
