
Microsoft Visual Studio Solution File, Format Version 12.00
# Visual Studio Version 17
VisualStudioVersion = 17.14.36915.13 d17.14
MinimumVisualStudioVersion = 10.0.40219.1
Project("{FAE04EC0-301F-11D3-BF4B-00C04F79EFBC}") = "Beecrowd1097", "Beecrowd1097\Beecrowd1097.csproj", "{6F55E2BD-1E29-411D-AE2E-400CC0E47509}"
EndProject
Global
	GlobalSection(SolutionConfigurationPlatforms) = preSolution
		Debug|Any CPU = Debug|Any CPU
		Release|Any CPU = Release|Any CPU
	EndGlobalSection
	GlobalSection(ProjectConfigurationPlatforms) = postSolution
		{6F55E2BD-1E29-411D-AE2E-400CC0E47509}.Debug|Any CPU.ActiveCfg = Debug|Any CPU
		{6F55E2BD-1E29-411D-AE2E-400CC0E47509}.Debug|Any CPU.Build.0 = Debug|Any CPU
		{6F55E2BD-1E29-411D-AE2E-400CC0E47509}.Release|Any CPU.ActiveCfg = Release|Any CPU
		{6F55E2BD-1E29-411D-AE2E-400CC0E47509}.Release|Any CPU.Build.0 = Release|Any CPU
	EndGlobalSection
	GlobalSection(SolutionProperties) = preSolution
		HideSolutionNode = FALSE
	EndGlobalSection
	GlobalSection(ExtensibilityGlobals) = postSolution
		SolutionGuid = {B5AB25A8-539C-4A47-82A8-4A05D9817525}
	EndGlobalSection
EndGlobal
