
Microsoft Visual Studio Solution File, Format Version 12.00
# Visual Studio Version 17
VisualStudioVersion = 17.14.36915.13 d17.14
MinimumVisualStudioVersion = 10.0.40219.1
Project("{FAE04EC0-301F-11D3-BF4B-00C04F79EFBC}") = "Beecrowd1094", "Beecrowd1094\Beecrowd1094.csproj", "{941C8AE2-4EAB-4224-9948-7458686CDE2C}"
EndProject
Global
	GlobalSection(SolutionConfigurationPlatforms) = preSolution
		Debug|Any CPU = Debug|Any CPU
		Release|Any CPU = Release|Any CPU
	EndGlobalSection
	GlobalSection(ProjectConfigurationPlatforms) = postSolution
		{941C8AE2-4EAB-4224-9948-7458686CDE2C}.Debug|Any CPU.ActiveCfg = Debug|Any CPU
		{941C8AE2-4EAB-4224-9948-7458686CDE2C}.Debug|Any CPU.Build.0 = Debug|Any CPU
		{941C8AE2-4EAB-4224-9948-7458686CDE2C}.Release|Any CPU.ActiveCfg = Release|Any CPU
		{941C8AE2-4EAB-4224-9948-7458686CDE2C}.Release|Any CPU.Build.0 = Release|Any CPU
	EndGlobalSection
	GlobalSection(SolutionProperties) = preSolution
		HideSolutionNode = FALSE
	EndGlobalSection
	GlobalSection(ExtensibilityGlobals) = postSolution
		SolutionGuid = {D23136C7-5CF4-4C1B-8A0E-5F88ED02F95A}
	EndGlobalSection
EndGlobal
