
Microsoft Visual Studio Solution File, Format Version 12.00
# Visual Studio Version 17
VisualStudioVersion = 17.14.36915.13 d17.14
MinimumVisualStudioVersion = 10.0.40219.1
Project("{FAE04EC0-301F-11D3-BF4B-00C04F79EFBC}") = "Becroowd1072", "Becroowd1072\Becroowd1072.csproj", "{7A149909-8AAB-4EC2-BCCE-F03A743BA817}"
EndProject
Global
	GlobalSection(SolutionConfigurationPlatforms) = preSolution
		Debug|Any CPU = Debug|Any CPU
		Release|Any CPU = Release|Any CPU
	EndGlobalSection
	GlobalSection(ProjectConfigurationPlatforms) = postSolution
		{7A149909-8AAB-4EC2-BCCE-F03A743BA817}.Debug|Any CPU.ActiveCfg = Debug|Any CPU
		{7A149909-8AAB-4EC2-BCCE-F03A743BA817}.Debug|Any CPU.Build.0 = Debug|Any CPU
		{7A149909-8AAB-4EC2-BCCE-F03A743BA817}.Release|Any CPU.ActiveCfg = Release|Any CPU
		{7A149909-8AAB-4EC2-BCCE-F03A743BA817}.Release|Any CPU.Build.0 = Release|Any CPU
	EndGlobalSection
	GlobalSection(SolutionProperties) = preSolution
		HideSolutionNode = FALSE
	EndGlobalSection
	GlobalSection(ExtensibilityGlobals) = postSolution
		SolutionGuid = {1EA626F3-EF56-4583-A1BE-64BBE6519920}
	EndGlobalSection
EndGlobal
