
Microsoft Visual Studio Solution File, Format Version 12.00
# Visual Studio Version 17
VisualStudioVersion = 17.14.36915.13 d17.14
MinimumVisualStudioVersion = 10.0.40219.1
Project("{FAE04EC0-301F-11D3-BF4B-00C04F79EFBC}") = "Beecrowd1116", "Beecrowd1116\Beecrowd1116.csproj", "{11A3F15D-E279-45B6-A7D1-CD5759912DD0}"
EndProject
Global
	GlobalSection(SolutionConfigurationPlatforms) = preSolution
		Debug|Any CPU = Debug|Any CPU
		Release|Any CPU = Release|Any CPU
	EndGlobalSection
	GlobalSection(ProjectConfigurationPlatforms) = postSolution
		{11A3F15D-E279-45B6-A7D1-CD5759912DD0}.Debug|Any CPU.ActiveCfg = Debug|Any CPU
		{11A3F15D-E279-45B6-A7D1-CD5759912DD0}.Debug|Any CPU.Build.0 = Debug|Any CPU
		{11A3F15D-E279-45B6-A7D1-CD5759912DD0}.Release|Any CPU.ActiveCfg = Release|Any CPU
		{11A3F15D-E279-45B6-A7D1-CD5759912DD0}.Release|Any CPU.Build.0 = Release|Any CPU
	EndGlobalSection
	GlobalSection(SolutionProperties) = preSolution
		HideSolutionNode = FALSE
	EndGlobalSection
	GlobalSection(ExtensibilityGlobals) = postSolution
		SolutionGuid = {B0D1F2B4-2A82-4FF5-9746-D6DDD0EA82BC}
	EndGlobalSection
EndGlobal
