
Microsoft Visual Studio Solution File, Format Version 12.00
# Visual Studio Version 17
VisualStudioVersion = 17.14.36915.13 d17.14
MinimumVisualStudioVersion = 10.0.40219.1
Project("{FAE04EC0-301F-11D3-BF4B-00C04F79EFBC}") = "Beecrowd1143", "Beecrowd1143\Beecrowd1143.csproj", "{929081D6-D090-413B-93C8-FF05FD061C78}"
EndProject
Global
	GlobalSection(SolutionConfigurationPlatforms) = preSolution
		Debug|Any CPU = Debug|Any CPU
		Release|Any CPU = Release|Any CPU
	EndGlobalSection
	GlobalSection(ProjectConfigurationPlatforms) = postSolution
		{929081D6-D090-413B-93C8-FF05FD061C78}.Debug|Any CPU.ActiveCfg = Debug|Any CPU
		{929081D6-D090-413B-93C8-FF05FD061C78}.Debug|Any CPU.Build.0 = Debug|Any CPU
		{929081D6-D090-413B-93C8-FF05FD061C78}.Release|Any CPU.ActiveCfg = Release|Any CPU
		{929081D6-D090-413B-93C8-FF05FD061C78}.Release|Any CPU.Build.0 = Release|Any CPU
	EndGlobalSection
	GlobalSection(SolutionProperties) = preSolution
		HideSolutionNode = FALSE
	EndGlobalSection
	GlobalSection(ExtensibilityGlobals) = postSolution
		SolutionGuid = {2DD55883-C62B-4F71-B77B-6887443A83C1}
	EndGlobalSection
EndGlobal
