
Microsoft Visual Studio Solution File, Format Version 12.00
# Visual Studio Version 17
VisualStudioVersion = 17.14.36915.13 d17.14
MinimumVisualStudioVersion = 10.0.40219.1
Project("{FAE04EC0-301F-11D3-BF4B-00C04F79EFBC}") = "MatrizesEVetoresEx04", "MatrizesEVetoresEx04\MatrizesEVetoresEx04.csproj", "{783F6A88-DEA5-444A-8776-53DDEF48B9B7}"
EndProject
Global
	GlobalSection(SolutionConfigurationPlatforms) = preSolution
		Debug|Any CPU = Debug|Any CPU
		Release|Any CPU = Release|Any CPU
	EndGlobalSection
	GlobalSection(ProjectConfigurationPlatforms) = postSolution
		{783F6A88-DEA5-444A-8776-53DDEF48B9B7}.Debug|Any CPU.ActiveCfg = Debug|Any CPU
		{783F6A88-DEA5-444A-8776-53DDEF48B9B7}.Debug|Any CPU.Build.0 = Debug|Any CPU
		{783F6A88-DEA5-444A-8776-53DDEF48B9B7}.Release|Any CPU.ActiveCfg = Release|Any CPU
		{783F6A88-DEA5-444A-8776-53DDEF48B9B7}.Release|Any CPU.Build.0 = Release|Any CPU
	EndGlobalSection
	GlobalSection(SolutionProperties) = preSolution
		HideSolutionNode = FALSE
	EndGlobalSection
	GlobalSection(ExtensibilityGlobals) = postSolution
		SolutionGuid = {2689E44A-A1F1-43BB-B561-D18C4B19BDBE}
	EndGlobalSection
EndGlobal
