
Microsoft Visual Studio Solution File, Format Version 12.00
# Visual Studio Version 17
VisualStudioVersion = 17.14.36915.13 d17.14
MinimumVisualStudioVersion = 10.0.40219.1
Project("{FAE04EC0-301F-11D3-BF4B-00C04F79EFBC}") = "Beecrowd1155", "Beecrowd1155\Beecrowd1155.csproj", "{F7BB558A-C8BF-4CE9-90B2-E377CA378B04}"
EndProject
Global
	GlobalSection(SolutionConfigurationPlatforms) = preSolution
		Debug|Any CPU = Debug|Any CPU
		Release|Any CPU = Release|Any CPU
	EndGlobalSection
	GlobalSection(ProjectConfigurationPlatforms) = postSolution
		{F7BB558A-C8BF-4CE9-90B2-E377CA378B04}.Debug|Any CPU.ActiveCfg = Debug|Any CPU
		{F7BB558A-C8BF-4CE9-90B2-E377CA378B04}.Debug|Any CPU.Build.0 = Debug|Any CPU
		{F7BB558A-C8BF-4CE9-90B2-E377CA378B04}.Release|Any CPU.ActiveCfg = Release|Any CPU
		{F7BB558A-C8BF-4CE9-90B2-E377CA378B04}.Release|Any CPU.Build.0 = Release|Any CPU
	EndGlobalSection
	GlobalSection(SolutionProperties) = preSolution
		HideSolutionNode = FALSE
	EndGlobalSection
	GlobalSection(ExtensibilityGlobals) = postSolution
		SolutionGuid = {616E7C62-9696-48F6-9655-DAD7F7AE4A5E}
	EndGlobalSection
EndGlobal
