
Microsoft Visual Studio Solution File, Format Version 12.00
# Visual Studio Version 17
VisualStudioVersion = 17.14.36915.13 d17.14
MinimumVisualStudioVersion = 10.0.40219.1
Project("{FAE04EC0-301F-11D3-BF4B-00C04F79EFBC}") = "SistemaDePedidosSimples", "SistemaDePedidosSimples\SistemaDePedidosSimples.csproj", "{4142B2D9-612D-4516-8B52-008417D77B5A}"
EndProject
Global
	GlobalSection(SolutionConfigurationPlatforms) = preSolution
		Debug|Any CPU = Debug|Any CPU
		Release|Any CPU = Release|Any CPU
	EndGlobalSection
	GlobalSection(ProjectConfigurationPlatforms) = postSolution
		{4142B2D9-612D-4516-8B52-008417D77B5A}.Debug|Any CPU.ActiveCfg = Debug|Any CPU
		{4142B2D9-612D-4516-8B52-008417D77B5A}.Debug|Any CPU.Build.0 = Debug|Any CPU
		{4142B2D9-612D-4516-8B52-008417D77B5A}.Release|Any CPU.ActiveCfg = Release|Any CPU
		{4142B2D9-612D-4516-8B52-008417D77B5A}.Release|Any CPU.Build.0 = Release|Any CPU
	EndGlobalSection
	GlobalSection(SolutionProperties) = preSolution
		HideSolutionNode = FALSE
	EndGlobalSection
	GlobalSection(ExtensibilityGlobals) = postSolution
		SolutionGuid = {27818BDB-01C7-486F-A213-2D2FF6A7A835}
	EndGlobalSection
EndGlobal
