
Microsoft Visual Studio Solution File, Format Version 12.00
# Visual Studio Version 17
VisualStudioVersion = 17.14.36915.13 d17.14
MinimumVisualStudioVersion = 10.0.40219.1
Project("{FAE04EC0-301F-11D3-BF4B-00C04F79EFBC}") = "EstebanEx01", "EstebanEx01\EstebanEx01.csproj", "{97676A26-4C6C-42F2-90B9-220BFDB53FE7}"
EndProject
Global
	GlobalSection(SolutionConfigurationPlatforms) = preSolution
		Debug|Any CPU = Debug|Any CPU
		Release|Any CPU = Release|Any CPU
	EndGlobalSection
	GlobalSection(ProjectConfigurationPlatforms) = postSolution
		{97676A26-4C6C-42F2-90B9-220BFDB53FE7}.Debug|Any CPU.ActiveCfg = Debug|Any CPU
		{97676A26-4C6C-42F2-90B9-220BFDB53FE7}.Debug|Any CPU.Build.0 = Debug|Any CPU
		{97676A26-4C6C-42F2-90B9-220BFDB53FE7}.Release|Any CPU.ActiveCfg = Release|Any CPU
		{97676A26-4C6C-42F2-90B9-220BFDB53FE7}.Release|Any CPU.Build.0 = Release|Any CPU
	EndGlobalSection
	GlobalSection(SolutionProperties) = preSolution
		HideSolutionNode = FALSE
	EndGlobalSection
	GlobalSection(ExtensibilityGlobals) = postSolution
		SolutionGuid = {09AB08BF-A857-4FBA-A260-D62C037124BB}
	EndGlobalSection
EndGlobal
