
Microsoft Visual Studio Solution File, Format Version 12.00
# Visual Studio Version 17
VisualStudioVersion = 17.14.36915.13 d17.14
MinimumVisualStudioVersion = 10.0.40219.1
Project("{FAE04EC0-301F-11D3-BF4B-00C04F79EFBC}") = "Beecrowd1144", "Beecrowd1144\Beecrowd1144.csproj", "{B2C42710-0B0D-4168-AC07-AFC9FF3882BA}"
EndProject
Global
	GlobalSection(SolutionConfigurationPlatforms) = preSolution
		Debug|Any CPU = Debug|Any CPU
		Release|Any CPU = Release|Any CPU
	EndGlobalSection
	GlobalSection(ProjectConfigurationPlatforms) = postSolution
		{B2C42710-0B0D-4168-AC07-AFC9FF3882BA}.Debug|Any CPU.ActiveCfg = Debug|Any CPU
		{B2C42710-0B0D-4168-AC07-AFC9FF3882BA}.Debug|Any CPU.Build.0 = Debug|Any CPU
		{B2C42710-0B0D-4168-AC07-AFC9FF3882BA}.Release|Any CPU.ActiveCfg = Release|Any CPU
		{B2C42710-0B0D-4168-AC07-AFC9FF3882BA}.Release|Any CPU.Build.0 = Release|Any CPU
	EndGlobalSection
	GlobalSection(SolutionProperties) = preSolution
		HideSolutionNode = FALSE
	EndGlobalSection
	GlobalSection(ExtensibilityGlobals) = postSolution
		SolutionGuid = {821D3521-2F28-4CCA-A404-319675B42939}
	EndGlobalSection
EndGlobal
