
Microsoft Visual Studio Solution File, Format Version 12.00
# Visual Studio Version 17
VisualStudioVersion = 17.14.36915.13 d17.14
MinimumVisualStudioVersion = 10.0.40219.1
Project("{FAE04EC0-301F-11D3-BF4B-00C04F79EFBC}") = "Beecrowd1151", "Beecrowd1151\Beecrowd1151.csproj", "{430EE863-AEF1-4510-8A7A-D3AF35E87248}"
EndProject
Global
	GlobalSection(SolutionConfigurationPlatforms) = preSolution
		Debug|Any CPU = Debug|Any CPU
		Release|Any CPU = Release|Any CPU
	EndGlobalSection
	GlobalSection(ProjectConfigurationPlatforms) = postSolution
		{430EE863-AEF1-4510-8A7A-D3AF35E87248}.Debug|Any CPU.ActiveCfg = Debug|Any CPU
		{430EE863-AEF1-4510-8A7A-D3AF35E87248}.Debug|Any CPU.Build.0 = Debug|Any CPU
		{430EE863-AEF1-4510-8A7A-D3AF35E87248}.Release|Any CPU.ActiveCfg = Release|Any CPU
		{430EE863-AEF1-4510-8A7A-D3AF35E87248}.Release|Any CPU.Build.0 = Release|Any CPU
	EndGlobalSection
	GlobalSection(SolutionProperties) = preSolution
		HideSolutionNode = FALSE
	EndGlobalSection
	GlobalSection(ExtensibilityGlobals) = postSolution
		SolutionGuid = {FCF09ED0-6987-4F94-8B55-EFA2C2880740}
	EndGlobalSection
EndGlobal
