
Microsoft Visual Studio Solution File, Format Version 12.00
# Visual Studio Version 17
VisualStudioVersion = 17.14.36915.13 d17.14
MinimumVisualStudioVersion = 10.0.40219.1
Project("{FAE04EC0-301F-11D3-BF4B-00C04F79EFBC}") = "Becroowd1071", "Becroowd1071\Becroowd1071.csproj", "{99C29AA3-E0B1-424B-B707-D740736794DA}"
EndProject
Global
	GlobalSection(SolutionConfigurationPlatforms) = preSolution
		Debug|Any CPU = Debug|Any CPU
		Release|Any CPU = Release|Any CPU
	EndGlobalSection
	GlobalSection(ProjectConfigurationPlatforms) = postSolution
		{99C29AA3-E0B1-424B-B707-D740736794DA}.Debug|Any CPU.ActiveCfg = Debug|Any CPU
		{99C29AA3-E0B1-424B-B707-D740736794DA}.Debug|Any CPU.Build.0 = Debug|Any CPU
		{99C29AA3-E0B1-424B-B707-D740736794DA}.Release|Any CPU.ActiveCfg = Release|Any CPU
		{99C29AA3-E0B1-424B-B707-D740736794DA}.Release|Any CPU.Build.0 = Release|Any CPU
	EndGlobalSection
	GlobalSection(SolutionProperties) = preSolution
		HideSolutionNode = FALSE
	EndGlobalSection
	GlobalSection(ExtensibilityGlobals) = postSolution
		SolutionGuid = {D4074533-56A3-4D3F-9F45-F82924808997}
	EndGlobalSection
EndGlobal
