
Microsoft Visual Studio Solution File, Format Version 12.00
# Visual Studio Version 17
VisualStudioVersion = 17.14.36915.13 d17.14
MinimumVisualStudioVersion = 10.0.40219.1
Project("{FAE04EC0-301F-11D3-BF4B-00C04F79EFBC}") = "VetorEx03", "VetorEx03\VetorEx03.csproj", "{B040E6A5-498F-403E-B4D5-5286770FD8C8}"
EndProject
Global
	GlobalSection(SolutionConfigurationPlatforms) = preSolution
		Debug|Any CPU = Debug|Any CPU
		Release|Any CPU = Release|Any CPU
	EndGlobalSection
	GlobalSection(ProjectConfigurationPlatforms) = postSolution
		{B040E6A5-498F-403E-B4D5-5286770FD8C8}.Debug|Any CPU.ActiveCfg = Debug|Any CPU
		{B040E6A5-498F-403E-B4D5-5286770FD8C8}.Debug|Any CPU.Build.0 = Debug|Any CPU
		{B040E6A5-498F-403E-B4D5-5286770FD8C8}.Release|Any CPU.ActiveCfg = Release|Any CPU
		{B040E6A5-498F-403E-B4D5-5286770FD8C8}.Release|Any CPU.Build.0 = Release|Any CPU
	EndGlobalSection
	GlobalSection(SolutionProperties) = preSolution
		HideSolutionNode = FALSE
	EndGlobalSection
	GlobalSection(ExtensibilityGlobals) = postSolution
		SolutionGuid = {32DA3D4A-CB5C-46AA-8D0E-116AE8995B98}
	EndGlobalSection
EndGlobal
