
Microsoft Visual Studio Solution File, Format Version 12.00
# Visual Studio Version 17
VisualStudioVersion = 17.14.36915.13 d17.14
MinimumVisualStudioVersion = 10.0.40219.1
Project("{FAE04EC0-301F-11D3-BF4B-00C04F79EFBC}") = "VetoresEx06", "VetoresEx06\VetoresEx06.csproj", "{5FFCBD10-E830-4BF9-A4B9-4B7C908FD441}"
EndProject
Global
	GlobalSection(SolutionConfigurationPlatforms) = preSolution
		Debug|Any CPU = Debug|Any CPU
		Release|Any CPU = Release|Any CPU
	EndGlobalSection
	GlobalSection(ProjectConfigurationPlatforms) = postSolution
		{5FFCBD10-E830-4BF9-A4B9-4B7C908FD441}.Debug|Any CPU.ActiveCfg = Debug|Any CPU
		{5FFCBD10-E830-4BF9-A4B9-4B7C908FD441}.Debug|Any CPU.Build.0 = Debug|Any CPU
		{5FFCBD10-E830-4BF9-A4B9-4B7C908FD441}.Release|Any CPU.ActiveCfg = Release|Any CPU
		{5FFCBD10-E830-4BF9-A4B9-4B7C908FD441}.Release|Any CPU.Build.0 = Release|Any CPU
	EndGlobalSection
	GlobalSection(SolutionProperties) = preSolution
		HideSolutionNode = FALSE
	EndGlobalSection
	GlobalSection(ExtensibilityGlobals) = postSolution
		SolutionGuid = {43B29ED2-98DC-484F-B042-920A82878C7D}
	EndGlobalSection
EndGlobal
