
Microsoft Visual Studio Solution File, Format Version 12.00
# Visual Studio Version 17
VisualStudioVersion = 17.14.36915.13 d17.14
MinimumVisualStudioVersion = 10.0.40219.1
Project("{FAE04EC0-301F-11D3-BF4B-00C04F79EFBC}") = "DistanciaEntreDoisPontos", "DistanciaEntreDoisPontos\DistanciaEntreDoisPontos.csproj", "{DBED3EFA-F24C-42D5-8146-7049046DD46A}"
EndProject
Global
	GlobalSection(SolutionConfigurationPlatforms) = preSolution
		Debug|Any CPU = Debug|Any CPU
		Release|Any CPU = Release|Any CPU
	EndGlobalSection
	GlobalSection(ProjectConfigurationPlatforms) = postSolution
		{DBED3EFA-F24C-42D5-8146-7049046DD46A}.Debug|Any CPU.ActiveCfg = Debug|Any CPU
		{DBED3EFA-F24C-42D5-8146-7049046DD46A}.Debug|Any CPU.Build.0 = Debug|Any CPU
		{DBED3EFA-F24C-42D5-8146-7049046DD46A}.Release|Any CPU.ActiveCfg = Release|Any CPU
		{DBED3EFA-F24C-42D5-8146-7049046DD46A}.Release|Any CPU.Build.0 = Release|Any CPU
	EndGlobalSection
	GlobalSection(SolutionProperties) = preSolution
		HideSolutionNode = FALSE
	EndGlobalSection
	GlobalSection(ExtensibilityGlobals) = postSolution
		SolutionGuid = {B2322188-B44B-499F-B2FF-025475713A73}
	EndGlobalSection
EndGlobal
