
Microsoft Visual Studio Solution File, Format Version 12.00
# Visual Studio Version 17
VisualStudioVersion = 17.14.36915.13 d17.14
MinimumVisualStudioVersion = 10.0.40219.1
Project("{FAE04EC0-301F-11D3-BF4B-00C04F79EFBC}") = "Exercicio5", "Exercicio5\Exercicio5.csproj", "{38C1FE12-4C0F-4322-8BDB-B05681A89947}"
EndProject
Global
	GlobalSection(SolutionConfigurationPlatforms) = preSolution
		Debug|Any CPU = Debug|Any CPU
		Release|Any CPU = Release|Any CPU
	EndGlobalSection
	GlobalSection(ProjectConfigurationPlatforms) = postSolution
		{38C1FE12-4C0F-4322-8BDB-B05681A89947}.Debug|Any CPU.ActiveCfg = Debug|Any CPU
		{38C1FE12-4C0F-4322-8BDB-B05681A89947}.Debug|Any CPU.Build.0 = Debug|Any CPU
		{38C1FE12-4C0F-4322-8BDB-B05681A89947}.Release|Any CPU.ActiveCfg = Release|Any CPU
		{38C1FE12-4C0F-4322-8BDB-B05681A89947}.Release|Any CPU.Build.0 = Release|Any CPU
	EndGlobalSection
	GlobalSection(SolutionProperties) = preSolution
		HideSolutionNode = FALSE
	EndGlobalSection
	GlobalSection(ExtensibilityGlobals) = postSolution
		SolutionGuid = {5547E233-15F5-4E1F-94E9-30754CB0C6D7}
	EndGlobalSection
EndGlobal
