
Microsoft Visual Studio Solution File, Format Version 12.00
# Visual Studio Version 17
VisualStudioVersion = 17.14.36915.13 d17.14
MinimumVisualStudioVersion = 10.0.40219.1
Project("{FAE04EC0-301F-11D3-BF4B-00C04F79EFBC}") = "Becroowd1067", "Becroowd1067\Becroowd1067.csproj", "{3297CB96-09F0-483D-B218-2FFB137F279E}"
EndProject
Global
	GlobalSection(SolutionConfigurationPlatforms) = preSolution
		Debug|Any CPU = Debug|Any CPU
		Release|Any CPU = Release|Any CPU
	EndGlobalSection
	GlobalSection(ProjectConfigurationPlatforms) = postSolution
		{3297CB96-09F0-483D-B218-2FFB137F279E}.Debug|Any CPU.ActiveCfg = Debug|Any CPU
		{3297CB96-09F0-483D-B218-2FFB137F279E}.Debug|Any CPU.Build.0 = Debug|Any CPU
		{3297CB96-09F0-483D-B218-2FFB137F279E}.Release|Any CPU.ActiveCfg = Release|Any CPU
		{3297CB96-09F0-483D-B218-2FFB137F279E}.Release|Any CPU.Build.0 = Release|Any CPU
	EndGlobalSection
	GlobalSection(SolutionProperties) = preSolution
		HideSolutionNode = FALSE
	EndGlobalSection
	GlobalSection(ExtensibilityGlobals) = postSolution
		SolutionGuid = {6787BA33-52C6-41A9-843E-A92C5C9A45CF}
	EndGlobalSection
EndGlobal
