
Microsoft Visual Studio Solution File, Format Version 12.00
# Visual Studio Version 17
VisualStudioVersion = 17.14.36915.13 d17.14
MinimumVisualStudioVersion = 10.0.40219.1
Project("{FAE04EC0-301F-11D3-BF4B-00C04F79EFBC}") = "MatrizesEVetoresEx01", "MatrizesEVetoresEx01\MatrizesEVetoresEx01.csproj", "{7816A832-9225-443A-B9AA-35DC439886B9}"
EndProject
Global
	GlobalSection(SolutionConfigurationPlatforms) = preSolution
		Debug|Any CPU = Debug|Any CPU
		Release|Any CPU = Release|Any CPU
	EndGlobalSection
	GlobalSection(ProjectConfigurationPlatforms) = postSolution
		{7816A832-9225-443A-B9AA-35DC439886B9}.Debug|Any CPU.ActiveCfg = Debug|Any CPU
		{7816A832-9225-443A-B9AA-35DC439886B9}.Debug|Any CPU.Build.0 = Debug|Any CPU
		{7816A832-9225-443A-B9AA-35DC439886B9}.Release|Any CPU.ActiveCfg = Release|Any CPU
		{7816A832-9225-443A-B9AA-35DC439886B9}.Release|Any CPU.Build.0 = Release|Any CPU
	EndGlobalSection
	GlobalSection(SolutionProperties) = preSolution
		HideSolutionNode = FALSE
	EndGlobalSection
	GlobalSection(ExtensibilityGlobals) = postSolution
		SolutionGuid = {6C457A2D-2276-469F-AACC-3A5D186F264D}
	EndGlobalSection
EndGlobal
