
Microsoft Visual Studio Solution File, Format Version 12.00
# Visual Studio Version 17
VisualStudioVersion = 17.14.36915.13 d17.14
MinimumVisualStudioVersion = 10.0.40219.1
Project("{FAE04EC0-301F-11D3-BF4B-00C04F79EFBC}") = "VetoresEx07", "VetoresEx07\VetoresEx07.csproj", "{7903D661-655E-4BAA-BA0E-DD4A0B02FB9B}"
EndProject
Global
	GlobalSection(SolutionConfigurationPlatforms) = preSolution
		Debug|Any CPU = Debug|Any CPU
		Release|Any CPU = Release|Any CPU
	EndGlobalSection
	GlobalSection(ProjectConfigurationPlatforms) = postSolution
		{7903D661-655E-4BAA-BA0E-DD4A0B02FB9B}.Debug|Any CPU.ActiveCfg = Debug|Any CPU
		{7903D661-655E-4BAA-BA0E-DD4A0B02FB9B}.Debug|Any CPU.Build.0 = Debug|Any CPU
		{7903D661-655E-4BAA-BA0E-DD4A0B02FB9B}.Release|Any CPU.ActiveCfg = Release|Any CPU
		{7903D661-655E-4BAA-BA0E-DD4A0B02FB9B}.Release|Any CPU.Build.0 = Release|Any CPU
	EndGlobalSection
	GlobalSection(SolutionProperties) = preSolution
		HideSolutionNode = FALSE
	EndGlobalSection
	GlobalSection(ExtensibilityGlobals) = postSolution
		SolutionGuid = {F8FA8875-20A8-42F9-AAB3-4D6374F4669B}
	EndGlobalSection
EndGlobal
