
Microsoft Visual Studio Solution File, Format Version 12.00
# Visual Studio Version 17
VisualStudioVersion = 17.14.36915.13 d17.14
MinimumVisualStudioVersion = 10.0.40219.1
Project("{FAE04EC0-301F-11D3-BF4B-00C04F79EFBC}") = "MatrizesEVetoresEx05", "MatrizesEVetoresEx05\MatrizesEVetoresEx05.csproj", "{4FC15C89-BB0E-417C-BE62-14B787B7D349}"
EndProject
Global
	GlobalSection(SolutionConfigurationPlatforms) = preSolution
		Debug|Any CPU = Debug|Any CPU
		Release|Any CPU = Release|Any CPU
	EndGlobalSection
	GlobalSection(ProjectConfigurationPlatforms) = postSolution
		{4FC15C89-BB0E-417C-BE62-14B787B7D349}.Debug|Any CPU.ActiveCfg = Debug|Any CPU
		{4FC15C89-BB0E-417C-BE62-14B787B7D349}.Debug|Any CPU.Build.0 = Debug|Any CPU
		{4FC15C89-BB0E-417C-BE62-14B787B7D349}.Release|Any CPU.ActiveCfg = Release|Any CPU
		{4FC15C89-BB0E-417C-BE62-14B787B7D349}.Release|Any CPU.Build.0 = Release|Any CPU
	EndGlobalSection
	GlobalSection(SolutionProperties) = preSolution
		HideSolutionNode = FALSE
	EndGlobalSection
	GlobalSection(ExtensibilityGlobals) = postSolution
		SolutionGuid = {990CEA06-EE6C-495C-B286-E740C0FA7899}
	EndGlobalSection
EndGlobal
