
Microsoft Visual Studio Solution File, Format Version 12.00
# Visual Studio Version 17
VisualStudioVersion = 17.14.36915.13 d17.14
MinimumVisualStudioVersion = 10.0.40219.1
Project("{FAE04EC0-301F-11D3-BF4B-00C04F79EFBC}") = "MatrizesEVetoresEx02", "MatrizesEVetoresEx02\MatrizesEVetoresEx02.csproj", "{FFC03EF6-2904-4ACE-BFBA-B8582B446D7D}"
EndProject
Global
	GlobalSection(SolutionConfigurationPlatforms) = preSolution
		Debug|Any CPU = Debug|Any CPU
		Release|Any CPU = Release|Any CPU
	EndGlobalSection
	GlobalSection(ProjectConfigurationPlatforms) = postSolution
		{FFC03EF6-2904-4ACE-BFBA-B8582B446D7D}.Debug|Any CPU.ActiveCfg = Debug|Any CPU
		{FFC03EF6-2904-4ACE-BFBA-B8582B446D7D}.Debug|Any CPU.Build.0 = Debug|Any CPU
		{FFC03EF6-2904-4ACE-BFBA-B8582B446D7D}.Release|Any CPU.ActiveCfg = Release|Any CPU
		{FFC03EF6-2904-4ACE-BFBA-B8582B446D7D}.Release|Any CPU.Build.0 = Release|Any CPU
	EndGlobalSection
	GlobalSection(SolutionProperties) = preSolution
		HideSolutionNode = FALSE
	EndGlobalSection
	GlobalSection(ExtensibilityGlobals) = postSolution
		SolutionGuid = {65C6F737-87F3-4195-9B3B-BA49B93A2A36}
	EndGlobalSection
EndGlobal
